// !$*UTF8*$!
{
	archiveVersion = 1;
	classes = {
	};
	objectVersion = 56;
	objects = {

/* Begin PBXBuildFile section */
		23495EB72BB5EDB300B63926 /* ExampleApp.swift in Sources */ = {isa = PBXBuildFile; fileRef = 23495EB62BB5EDB300B63926 /* ExampleApp.swift */; };
		23495EBB2BB5EDB400B63926 /* Assets.xcassets in Resources */ = {isa = PBXBuildFile; fileRef = 23495EBA2BB5EDB400B63926 /* Assets.xcassets */; };
		23495EBE2BB5EDB400B63926 /* Preview Assets.xcassets in Resources */ = {isa = PBXBuildFile; fileRef = 23495EBD2BB5EDB400B63926 /* Preview Assets.xcassets */; };
		23495EE42BB5EEE700B63926 /* ConcurrencyExtras in Frameworks */ = {isa = PBXBuildFile; productRef = 23495EE32BB5EEE700B63926 /* ConcurrencyExtras */; };
		23495EE72BB5EF6400B63926 /* XCTestDynamicOverlay in Frameworks */ = {isa = PBXBuildFile; productRef = 23495EE62BB5EF6400B63926 /* XCTestDynamicOverlay */; };
		237767F82BB6A6F300795A08 /* Shared in Resources */ = {isa = PBXBuildFile; fileRef = 237767F72BB6A6F300795A08 /* Shared */; };
		237768052BB6CEA600795A08 /* FeatureMainScreen in Frameworks */ = {isa = PBXBuildFile; productRef = 237768042BB6CEA600795A08 /* FeatureMainScreen */; };
		237768072BB6CEA600795A08 /* FeatureSettings in Frameworks */ = {isa = PBXBuildFile; productRef = 237768062BB6CEA600795A08 /* FeatureSettings */; };
		237768092BB6FE4C00795A08 /* StartScreen.swift in Sources */ = {isa = PBXBuildFile; fileRef = 237768082BB6FE4C00795A08 /* StartScreen.swift */; };
/* End PBXBuildFile section */

/* Begin PBXFileReference section */
		23495EB32BB5EDB300B63926 /* Dependencies-example.app */ = {isa = PBXFileReference; explicitFileType = wrapper.application; includeInIndex = 0; path = "Dependencies-example.app"; sourceTree = BUILT_PRODUCTS_DIR; };
		23495EB62BB5EDB300B63926 /* ExampleApp.swift */ = {isa = PBXFileReference; lastKnownFileType = sourcecode.swift; path = ExampleApp.swift; sourceTree = "<group>"; };
		23495EBA2BB5EDB400B63926 /* Assets.xcassets */ = {isa = PBXFileReference; lastKnownFileType = folder.assetcatalog; path = Assets.xcassets; sourceTree = "<group>"; };
		23495EBD2BB5EDB400B63926 /* Preview Assets.xcassets */ = {isa = PBXFileReference; lastKnownFileType = folder.assetcatalog; path = "Preview Assets.xcassets"; sourceTree = "<group>"; };
		237767F72BB6A6F300795A08 /* Shared */ = {isa = PBXFileReference; lastKnownFileType = wrapper; path = Shared; sourceTree = "<group>"; };
		237768082BB6FE4C00795A08 /* StartScreen.swift */ = {isa = PBXFileReference; lastKnownFileType = sourcecode.swift; path = StartScreen.swift; sourceTree = "<group>"; };
/* End PBXFileReference section */

/* Begin PBXFrameworksBuildPhase section */
		23495EB02BB5EDB300B63926 /* Frameworks */ = {
			isa = PBXFrameworksBuildPhase;
			buildActionMask = 2147483647;
			files = (
				237768072BB6CEA600795A08 /* FeatureSettings in Frameworks */,
				237768052BB6CEA600795A08 /* FeatureMainScreen in Frameworks */,
				23495EE72BB5EF6400B63926 /* XCTestDynamicOverlay in Frameworks */,
				23495EE42BB5EEE700B63926 /* ConcurrencyExtras in Frameworks */,
			);
			runOnlyForDeploymentPostprocessing = 0;
		};
/* End PBXFrameworksBuildPhase section */

/* Begin PBXGroup section */
		23495EAA2BB5EDB300B63926 = {
			isa = PBXGroup;
			children = (
				237767F72BB6A6F300795A08 /* Shared */,
				23495EB52BB5EDB300B63926 /* Dependencies-example */,
				23495EB42BB5EDB300B63926 /* Products */,
				23497C142BB5F49800B63926 /* Frameworks */,
			);
			sourceTree = "<group>";
		};
		23495EB42BB5EDB300B63926 /* Products */ = {
			isa = PBXGroup;
			children = (
				23495EB32BB5EDB300B63926 /* Dependencies-example.app */,
			);
			name = Products;
			sourceTree = "<group>";
		};
		23495EB52BB5EDB300B63926 /* Dependencies-example */ = {
			isa = PBXGroup;
			children = (
				23495EB62BB5EDB300B63926 /* ExampleApp.swift */,
				237768082BB6FE4C00795A08 /* StartScreen.swift */,
				23495EBA2BB5EDB400B63926 /* Assets.xcassets */,
				23495EBC2BB5EDB400B63926 /* Preview Content */,
			);
			path = "Dependencies-example";
			sourceTree = "<group>";
		};
		23495EBC2BB5EDB400B63926 /* Preview Content */ = {
			isa = PBXGroup;
			children = (
				23495EBD2BB5EDB400B63926 /* Preview Assets.xcassets */,
			);
			path = "Preview Content";
			sourceTree = "<group>";
		};
		23497C142BB5F49800B63926 /* Frameworks */ = {
			isa = PBXGroup;
			children = (
			);
			name = Frameworks;
			sourceTree = "<group>";
		};
/* End PBXGroup section */

/* Begin PBXNativeTarget section */
		23495EB22BB5EDB300B63926 /* Dependencies-example */ = {
			isa = PBXNativeTarget;
			buildConfigurationList = 23495ED72BB5EDB400B63926 /* Build configuration list for PBXNativeTarget "Dependencies-example" */;
			buildPhases = (
				23495EAF2BB5EDB300B63926 /* Sources */,
				23495EB02BB5EDB300B63926 /* Frameworks */,
				23495EB12BB5EDB300B63926 /* Resources */,
			);
			buildRules = (
			);
			dependencies = (
			);
			name = "Dependencies-example";
			packageProductDependencies = (
				23495EE32BB5EEE700B63926 /* ConcurrencyExtras */,
				23495EE62BB5EF6400B63926 /* XCTestDynamicOverlay */,
				237768042BB6CEA600795A08 /* FeatureMainScreen */,
				237768062BB6CEA600795A08 /* FeatureSettings */,
			);
			productName = "Dependencies-example";
			productReference = 23495EB32BB5EDB300B63926 /* Dependencies-example.app */;
			productType = "com.apple.product-type.application";
		};
/* End PBXNativeTarget section */

/* Begin PBXProject section */
		23495EAB2BB5EDB300B63926 /* Project object */ = {
			isa = PBXProject;
			attributes = {
				BuildIndependentTargetsInParallel = 1;
				LastSwiftUpdateCheck = 1530;
				LastUpgradeCheck = 1530;
				TargetAttributes = {
					23495EB22BB5EDB300B63926 = {
						CreatedOnToolsVersion = 15.3;
					};
				};
			};
			buildConfigurationList = 23495EAE2BB5EDB300B63926 /* Build configuration list for PBXProject "Dependencies-example" */;
			compatibilityVersion = "Xcode 14.0";
			developmentRegion = en;
			hasScannedForEncodings = 0;
			knownRegions = (
				en,
				Base,
			);
			mainGroup = 23495EAA2BB5EDB300B63926;
			packageReferences = (
				23495EE22BB5EEE700B63926 /* XCRemoteSwiftPackageReference "swift-concurrency-extras" */,
				23495EE52BB5EF6400B63926 /* XCRemoteSwiftPackageReference "xctest-dynamic-overlay" */,
			);
			productRefGroup = 23495EB42BB5EDB300B63926 /* Products */;
			projectDirPath = "";
			projectRoot = "";
			targets = (
				23495EB22BB5EDB300B63926 /* Dependencies-example */,
			);
		};
/* End PBXProject section */

/* Begin PBXResourcesBuildPhase section */
		23495EB12BB5EDB300B63926 /* Resources */ = {
			isa = PBXResourcesBuildPhase;
			buildActionMask = 2147483647;
			files = (
				237767F82BB6A6F300795A08 /* Shared in Resources */,
				23495EBE2BB5EDB400B63926 /* Preview Assets.xcassets in Resources */,
				23495EBB2BB5EDB400B63926 /* Assets.xcassets in Resources */,
			);
			runOnlyForDeploymentPostprocessing = 0;
		};
/* End PBXResourcesBuildPhase section */

/* Begin PBXSourcesBuildPhase section */
		23495EAF2BB5EDB300B63926 /* Sources */ = {
			isa = PBXSourcesBuildPhase;
			buildActionMask = 2147483647;
			files = (
				237768092BB6FE4C00795A08 /* StartScreen.swift in Sources */,
				23495EB72BB5EDB300B63926 /* ExampleApp.swift in Sources */,
			);
			runOnlyForDeploymentPostprocessing = 0;
		};
/* End PBXSourcesBuildPhase section */

/* Begin XCBuildConfiguration section */
		23495ED52BB5EDB400B63926 /* Debug */ = {
			isa = XCBuildConfiguration;
			buildSettings = {
				ALWAYS_SEARCH_USER_PATHS = NO;
				ASSETCATALOG_COMPILER_GENERATE_SWIFT_ASSET_SYMBOL_EXTENSIONS = YES;
				CLANG_ANALYZER_NONNULL = YES;
				CLANG_ANALYZER_NUMBER_OBJECT_CONVERSION = YES_AGGRESSIVE;
				CLANG_CXX_LANGUAGE_STANDARD = "gnu++20";
				CLANG_ENABLE_MODULES = YES;
				CLANG_ENABLE_OBJC_ARC = YES;
				CLANG_ENABLE_OBJC_WEAK = YES;
				CLANG_WARN_BLOCK_CAPTURE_AUTORELEASING = YES;
				CLANG_WARN_BOOL_CONVERSION = YES;
				CLANG_WARN_COMMA = YES;
				CLANG_WARN_CONSTANT_CONVERSION = YES;
				CLANG_WARN_DEPRECATED_OBJC_IMPLEMENTATIONS = YES;
				CLANG_WARN_DIRECT_OBJC_ISA_USAGE = YES_ERROR;
				CLANG_WARN_DOCUMENTATION_COMMENTS = YES;
				CLANG_WARN_EMPTY_BODY = YES;
				CLANG_WARN_ENUM_CONVERSION = YES;
				CLANG_WARN_INFINITE_RECURSION = YES;
				CLANG_WARN_INT_CONVERSION = YES;
				CLANG_WARN_NON_LITERAL_NULL_CONVERSION = YES;
				CLANG_WARN_OBJC_IMPLICIT_RETAIN_SELF = YES;
				CLANG_WARN_OBJC_LITERAL_CONVERSION = YES;
				CLANG_WARN_OBJC_ROOT_CLASS = YES_ERROR;
				CLANG_WARN_QUOTED_INCLUDE_IN_FRAMEWORK_HEADER = YES;
				CLANG_WARN_RANGE_LOOP_ANALYSIS = YES;
				CLANG_WARN_STRICT_PROTOTYPES = YES;
				CLANG_WARN_SUSPICIOUS_MOVE = YES;
				CLANG_WARN_UNGUARDED_AVAILABILITY = YES_AGGRESSIVE;
				CLANG_WARN_UNREACHABLE_CODE = YES;
				CLANG_WARN__DUPLICATE_METHOD_MATCH = YES;
				COPY_PHASE_STRIP = NO;
				DEBUG_INFORMATION_FORMAT = dwarf;
				ENABLE_STRICT_OBJC_MSGSEND = YES;
				ENABLE_TESTABILITY = YES;
				ENABLE_USER_SCRIPT_SANDBOXING = YES;
				GCC_C_LANGUAGE_STANDARD = gnu17;
				GCC_DYNAMIC_NO_PIC = NO;
				GCC_NO_COMMON_BLOCKS = YES;
				GCC_OPTIMIZATION_LEVEL = 0;
				GCC_PREPROCESSOR_DEFINITIONS = (
					"DEBUG=1",
					"$(inherited)",
				);
				GCC_WARN_64_TO_32_BIT_CONVERSION = YES;
				GCC_WARN_ABOUT_RETURN_TYPE = YES_ERROR;
				GCC_WARN_UNDECLARED_SELECTOR = YES;
				GCC_WARN_UNINITIALIZED_AUTOS = YES_AGGRESSIVE;
				GCC_WARN_UNUSED_FUNCTION = YES;
				GCC_WARN_UNUSED_VARIABLE = YES;
				IPHONEOS_DEPLOYMENT_TARGET = 17.4;
				LOCALIZATION_PREFERS_STRING_CATALOGS = YES;
				MTL_ENABLE_DEBUG_INFO = INCLUDE_SOURCE;
				MTL_FAST_MATH = YES;
				ONLY_ACTIVE_ARCH = YES;
				SDKROOT = iphoneos;
				SWIFT_ACTIVE_COMPILATION_CONDITIONS = "DEBUG $(inherited)";
				SWIFT_OPTIMIZATION_LEVEL = "-Onone";
				SWIFT_STRICT_CONCURRENCY = complete;
			};
			name = Debug;
		};
		23495ED62BB5EDB400B63926 /* Release */ = {
			isa = XCBuildConfiguration;
			buildSettings = {
				ALWAYS_SEARCH_USER_PATHS = NO;
				ASSETCATALOG_COMPILER_GENERATE_SWIFT_ASSET_SYMBOL_EXTENSIONS = YES;
				CLANG_ANALYZER_NONNULL = YES;
				CLANG_ANALYZER_NUMBER_OBJECT_CONVERSION = YES_AGGRESSIVE;
				CLANG_CXX_LANGUAGE_STANDARD = "gnu++20";
				CLANG_ENABLE_MODULES = YES;
				CLANG_ENABLE_OBJC_ARC = YES;
				CLANG_ENABLE_OBJC_WEAK = YES;
				CLANG_WARN_BLOCK_CAPTURE_AUTORELEASING = YES;
				CLANG_WARN_BOOL_CONVERSION = YES;
				CLANG_WARN_COMMA = YES;
				CLANG_WARN_CONSTANT_CONVERSION = YES;
				CLANG_WARN_DEPRECATED_OBJC_IMPLEMENTATIONS = YES;
				CLANG_WARN_DIRECT_OBJC_ISA_USAGE = YES_ERROR;
				CLANG_WARN_DOCUMENTATION_COMMENTS = YES;
				CLANG_WARN_EMPTY_BODY = YES;
				CLANG_WARN_ENUM_CONVERSION = YES;
				CLANG_WARN_INFINITE_RECURSION = YES;
				CLANG_WARN_INT_CONVERSION = YES;
				CLANG_WARN_NON_LITERAL_NULL_CONVERSION = YES;
				CLANG_WARN_OBJC_IMPLICIT_RETAIN_SELF = YES;
				CLANG_WARN_OBJC_LITERAL_CONVERSION = YES;
				CLANG_WARN_OBJC_ROOT_CLASS = YES_ERROR;
				CLANG_WARN_QUOTED_INCLUDE_IN_FRAMEWORK_HEADER = YES;
				CLANG_WARN_RANGE_LOOP_ANALYSIS = YES;
				CLANG_WARN_STRICT_PROTOTYPES = YES;
				CLANG_WARN_SUSPICIOUS_MOVE = YES;
				CLANG_WARN_UNGUARDED_AVAILABILITY = YES_AGGRESSIVE;
				CLANG_WARN_UNREACHABLE_CODE = YES;
				CLANG_WARN__DUPLICATE_METHOD_MATCH = YES;
				COPY_PHASE_STRIP = NO;
				DEBUG_INFORMATION_FORMAT = "dwarf-with-dsym";
				ENABLE_NS_ASSERTIONS = NO;
				ENABLE_STRICT_OBJC_MSGSEND = YES;
				ENABLE_USER_SCRIPT_SANDBOXING = YES;
				GCC_C_LANGUAGE_STANDARD = gnu17;
				GCC_NO_COMMON_BLOCKS = YES;
				GCC_WARN_64_TO_32_BIT_CONVERSION = YES;
				GCC_WARN_ABOUT_RETURN_TYPE = YES_ERROR;
				GCC_WARN_UNDECLARED_SELECTOR = YES;
				GCC_WARN_UNINITIALIZED_AUTOS = YES_AGGRESSIVE;
				GCC_WARN_UNUSED_FUNCTION = YES;
				GCC_WARN_UNUSED_VARIABLE = YES;
				IPHONEOS_DEPLOYMENT_TARGET = 17.4;
				LOCALIZATION_PREFERS_STRING_CATALOGS = YES;
				MTL_ENABLE_DEBUG_INFO = NO;
				MTL_FAST_MATH = YES;
				SDKROOT = iphoneos;
				SWIFT_COMPILATION_MODE = wholemodule;
				SWIFT_STRICT_CONCURRENCY = complete;
				VALIDATE_PRODUCT = YES;
			};
			name = Release;
		};
		23495ED82BB5EDB400B63926 /* Debug */ = {
			isa = XCBuildConfiguration;
			buildSettings = {
				ASSETCATALOG_COMPILER_APPICON_NAME = AppIcon;
				ASSETCATALOG_COMPILER_GLOBAL_ACCENT_COLOR_NAME = AccentColor;
				CODE_SIGN_STYLE = Automatic;
				CURRENT_PROJECT_VERSION = 1;
				DEVELOPMENT_ASSET_PATHS = "\"Dependencies-example/Preview Content\"";
				DEVELOPMENT_TEAM = M8VJPZ5S46;
				ENABLE_PREVIEWS = YES;
				GENERATE_INFOPLIST_FILE = YES;
				INFOPLIST_KEY_UIApplicationSceneManifest_Generation = YES;
				INFOPLIST_KEY_UIApplicationSupportsIndirectInputEvents = YES;
				INFOPLIST_KEY_UILaunchScreen_Generation = YES;
				INFOPLIST_KEY_UISupportedInterfaceOrientations_iPad = "UIInterfaceOrientationPortrait UIInterfaceOrientationPortraitUpsideDown UIInterfaceOrientationLandscapeLeft UIInterfaceOrientationLandscapeRight";
				INFOPLIST_KEY_UISupportedInterfaceOrientations_iPhone = "UIInterfaceOrientationPortrait UIInterfaceOrientationLandscapeLeft UIInterfaceOrientationLandscapeRight";
				IPHONEOS_DEPLOYMENT_TARGET = 17.0;
				LD_RUNPATH_SEARCH_PATHS = (
					"$(inherited)",
					"@executable_path/Frameworks",
				);
				MARKETING_VERSION = 1.0;
				PRODUCT_BUNDLE_IDENTIFIER = "com.agpone.Dependencies-example";
				PRODUCT_NAME = "$(TARGET_NAME)";
				SWIFT_EMIT_LOC_STRINGS = YES;
				SWIFT_VERSION = 5.0;
				TARGETED_DEVICE_FAMILY = "1,2";
			};
			name = Debug;
		};
		23495ED92BB5EDB400B63926 /* Release */ = {
			isa = XCBuildConfiguration;
			buildSettings = {
				ASSETCATALOG_COMPILER_APPICON_NAME = AppIcon;
				ASSETCATALOG_COMPILER_GLOBAL_ACCENT_COLOR_NAME = AccentColor;
				CODE_SIGN_STYLE = Automatic;
				CURRENT_PROJECT_VERSION = 1;
				DEVELOPMENT_ASSET_PATHS = "\"Dependencies-example/Preview Content\"";
				DEVELOPMENT_TEAM = M8VJPZ5S46;
				ENABLE_PREVIEWS = YES;
				GENERATE_INFOPLIST_FILE = YES;
				INFOPLIST_KEY_UIApplicationSceneManifest_Generation = YES;
				INFOPLIST_KEY_UIApplicationSupportsIndirectInputEvents = YES;
				INFOPLIST_KEY_UILaunchScreen_Generation = YES;
				INFOPLIST_KEY_UISupportedInterfaceOrientations_iPad = "UIInterfaceOrientationPortrait UIInterfaceOrientationPortraitUpsideDown UIInterfaceOrientationLandscapeLeft UIInterfaceOrientationLandscapeRight";
				INFOPLIST_KEY_UISupportedInterfaceOrientations_iPhone = "UIInterfaceOrientationPortrait UIInterfaceOrientationLandscapeLeft UIInterfaceOrientationLandscapeRight";
				IPHONEOS_DEPLOYMENT_TARGET = 17.0;
				LD_RUNPATH_SEARCH_PATHS = (
					"$(inherited)",
					"@executable_path/Frameworks",
				);
				MARKETING_VERSION = 1.0;
				PRODUCT_BUNDLE_IDENTIFIER = "com.agpone.Dependencies-example";
				PRODUCT_NAME = "$(TARGET_NAME)";
				SWIFT_EMIT_LOC_STRINGS = YES;
				SWIFT_VERSION = 5.0;
				TARGETED_DEVICE_FAMILY = "1,2";
			};
			name = Release;
		};
/* End XCBuildConfiguration section */

/* Begin XCConfigurationList section */
		23495EAE2BB5EDB300B63926 /* Build configuration list for PBXProject "Dependencies-example" */ = {
			isa = XCConfigurationList;
			buildConfigurations = (
				23495ED52BB5EDB400B63926 /* Debug */,
				23495ED62BB5EDB400B63926 /* Release */,
			);
			defaultConfigurationIsVisible = 0;
			defaultConfigurationName = Release;
		};
		23495ED72BB5EDB400B63926 /* Build configuration list for PBXNativeTarget "Dependencies-example" */ = {
			isa = XCConfigurationList;
			buildConfigurations = (
				23495ED82BB5EDB400B63926 /* Debug */,
				23495ED92BB5EDB400B63926 /* Release */,
			);
			defaultConfigurationIsVisible = 0;
			defaultConfigurationName = Release;
		};
/* End XCConfigurationList section */

/* Begin XCRemoteSwiftPackageReference section */
		23495EE22BB5EEE700B63926 /* XCRemoteSwiftPackageReference "swift-concurrency-extras" */ = {
			isa = XCRemoteSwiftPackageReference;
			repositoryURL = "https://github.com/pointfreeco/swift-concurrency-extras.git";
			requirement = {
				kind = upToNextMajorVersion;
				minimumVersion = 1.1.0;
			};
		};
		23495EE52BB5EF6400B63926 /* XCRemoteSwiftPackageReference "xctest-dynamic-overlay" */ = {
			isa = XCRemoteSwiftPackageReference;
			repositoryURL = "https://github.com/pointfreeco/xctest-dynamic-overlay.git";
			requirement = {
				kind = upToNextMajorVersion;
				minimumVersion = 1.1.1;
			};
		};
/* End XCRemoteSwiftPackageReference section */

/* Begin XCSwiftPackageProductDependency section */
		23495EE32BB5EEE700B63926 /* ConcurrencyExtras */ = {
			isa = XCSwiftPackageProductDependency;
			package = 23495EE22BB5EEE700B63926 /* XCRemoteSwiftPackageReference "swift-concurrency-extras" */;
			productName = ConcurrencyExtras;
		};
		23495EE62BB5EF6400B63926 /* XCTestDynamicOverlay */ = {
			isa = XCSwiftPackageProductDependency;
			package = 23495EE52BB5EF6400B63926 /* XCRemoteSwiftPackageReference "xctest-dynamic-overlay" */;
			productName = XCTestDynamicOverlay;
		};
		237768042BB6CEA600795A08 /* FeatureMainScreen */ = {
			isa = XCSwiftPackageProductDependency;
			productName = FeatureMainScreen;
		};
		237768062BB6CEA600795A08 /* FeatureSettings */ = {
			isa = XCSwiftPackageProductDependency;
			productName = FeatureSettings;
		};
/* End XCSwiftPackageProductDependency section */
	};
	rootObject = 23495EAB2BB5EDB300B63926 /* Project object */;
}
