{
  "originHash" : "5e48ee6f57586a24e15e0732fde42e7a7b7c9300adc6c586976871dbbd42d65a",
  "pins" : [
    {
      "identity" : "swift-concurrency-extras",
      "kind" : "remoteSourceControl",
      "location" : "https://github.com/pointfreeco/swift-concurrency-extras.git",
      "state" : {
        "revision" : "bb5059bde9022d69ac516803f4f227d8ac967f71",
        "version" : "1.1.0"
      }
    },
    {
      "identity" : "xctest-dynamic-overlay",
      "kind" : "remoteSourceControl",
      "location" : "https://github.com/pointfreeco/xctest-dynamic-overlay.git",
      "state" : {
        "revision" : "b13b1d1a8e787a5ffc71ac19dcaf52183ab27ba2",
        "version" : "1.1.1"
      }
    }
  ],
  "version" : 3
}
